
Microsoft Visual Studio Solution File, Format Version 12.00
# Visual Studio Version 17
VisualStudioVersion = 17.11.35222.181
MinimumVisualStudioVersion = 10.0.40219.1
Project("{9A19103F-16F7-4668-BE54-9A1E7A4F7556}") = "ApiGateway", "ApiGateway\ApiGateway.csproj", "{9A3AA092-71E4-4118-8D66-637E1C60695D}"
EndProject
Project("{9A19103F-16F7-4668-BE54-9A1E7A4F7556}") = "UserManagementService", "UserManagementService\UserManagementService.csproj", "{6E44C569-D31D-459F-9A60-1C47DEEAE06B}"
EndProject
Project("{9A19103F-16F7-4668-BE54-9A1E7A4F7556}") = "ProductManagementService", "ProductManagementService\ProductManagementService.csproj", "{8E9882E1-51C3-45B4-9ACA-C1663DE977ED}"
EndProject
Global
	GlobalSection(SolutionConfigurationPlatforms) = preSolution
		Debug|Any CPU = Debug|Any CPU
		Release|Any CPU = Release|Any CPU
	EndGlobalSection
	GlobalSection(ProjectConfigurationPlatforms) = postSolution
		{9A3AA092-71E4-4118-8D66-637E1C60695D}.Debug|Any CPU.ActiveCfg = Debug|Any CPU
		{9A3AA092-71E4-4118-8D66-637E1C60695D}.Debug|Any CPU.Build.0 = Debug|Any CPU
		{9A3AA092-71E4-4118-8D66-637E1C60695D}.Release|Any CPU.ActiveCfg = Release|Any CPU
		{9A3AA092-71E4-4118-8D66-637E1C60695D}.Release|Any CPU.Build.0 = Release|Any CPU
		{6E44C569-D31D-459F-9A60-1C47DEEAE06B}.Debug|Any CPU.ActiveCfg = Debug|Any CPU
		{6E44C569-D31D-459F-9A60-1C47DEEAE06B}.Debug|Any CPU.Build.0 = Debug|Any CPU
		{6E44C569-D31D-459F-9A60-1C47DEEAE06B}.Release|Any CPU.ActiveCfg = Release|Any CPU
		{6E44C569-D31D-459F-9A60-1C47DEEAE06B}.Release|Any CPU.Build.0 = Release|Any CPU
		{8E9882E1-51C3-45B4-9ACA-C1663DE977ED}.Debug|Any CPU.ActiveCfg = Debug|Any CPU
		{8E9882E1-51C3-45B4-9ACA-C1663DE977ED}.Debug|Any CPU.Build.0 = Debug|Any CPU
		{8E9882E1-51C3-45B4-9ACA-C1663DE977ED}.Release|Any CPU.ActiveCfg = Release|Any CPU
		{8E9882E1-51C3-45B4-9ACA-C1663DE977ED}.Release|Any CPU.Build.0 = Release|Any CPU
	EndGlobalSection
	GlobalSection(SolutionProperties) = preSolution
		HideSolutionNode = FALSE
	EndGlobalSection
	GlobalSection(ExtensibilityGlobals) = postSolution
		SolutionGuid = {21444687-DF7D-4034-A0AA-86907FBC68BF}
	EndGlobalSection
EndGlobal
